
Microsoft Visual Studio Solution File, Format Version 12.00
# Visual Studio Version 16
VisualStudioVersion = 16.0.31129.286
MinimumVisualStudioVersion = 10.0.40219.1
Project("{9A19103F-16F7-4668-BE54-9A1E7A4F7556}") = "SmartMusicServer", "SmartMusicServer.csproj", "{FC7A91AA-21CD-44FD-BE52-D3A443C23793}"
EndProject
Project("{9A19103F-16F7-4668-BE54-9A1E7A4F7556}") = "SmartMusicNetCoreAudio", "..\SmartMusicNetCoreAudio\SmartMusicNetCoreAudio.csproj", "{AFE81855-C6F7-41F4-8F47-DD2A7CFA3A8E}"
EndProject
Project("{FAE04EC0-301F-11D3-BF4B-00C04F79EFBC}") = "Assembly-CSharp", "..\SmartMusicClient\Assembly-CSharp.csproj", "{40CCF2C7-2A0E-319F-9BA6-E9479C8110CE}"
EndProject
Project("{9A19103F-16F7-4668-BE54-9A1E7A4F7556}") = "NetCoreAudio", "..\NetCoreAudio-master\NetCoreAudio\NetCoreAudio.csproj", "{89CBF415-A6EC-4B67-AAE0-839A640FAEAA}"
EndProject
Global
	GlobalSection(SolutionConfigurationPlatforms) = preSolution
		Debug|Any CPU = Debug|Any CPU
		Release|Any CPU = Release|Any CPU
	EndGlobalSection
	GlobalSection(ProjectConfigurationPlatforms) = postSolution
		{FC7A91AA-21CD-44FD-BE52-D3A443C23793}.Debug|Any CPU.ActiveCfg = Debug|Any CPU
		{FC7A91AA-21CD-44FD-BE52-D3A443C23793}.Debug|Any CPU.Build.0 = Debug|Any CPU
		{FC7A91AA-21CD-44FD-BE52-D3A443C23793}.Release|Any CPU.ActiveCfg = Release|Any CPU
		{FC7A91AA-21CD-44FD-BE52-D3A443C23793}.Release|Any CPU.Build.0 = Release|Any CPU
		{AFE81855-C6F7-41F4-8F47-DD2A7CFA3A8E}.Debug|Any CPU.ActiveCfg = Debug|Any CPU
		{AFE81855-C6F7-41F4-8F47-DD2A7CFA3A8E}.Debug|Any CPU.Build.0 = Debug|Any CPU
		{AFE81855-C6F7-41F4-8F47-DD2A7CFA3A8E}.Release|Any CPU.ActiveCfg = Release|Any CPU
		{AFE81855-C6F7-41F4-8F47-DD2A7CFA3A8E}.Release|Any CPU.Build.0 = Release|Any CPU
		{40CCF2C7-2A0E-319F-9BA6-E9479C8110CE}.Debug|Any CPU.ActiveCfg = Debug|Any CPU
		{40CCF2C7-2A0E-319F-9BA6-E9479C8110CE}.Debug|Any CPU.Build.0 = Debug|Any CPU
		{40CCF2C7-2A0E-319F-9BA6-E9479C8110CE}.Release|Any CPU.ActiveCfg = Release|Any CPU
		{40CCF2C7-2A0E-319F-9BA6-E9479C8110CE}.Release|Any CPU.Build.0 = Release|Any CPU
		{89CBF415-A6EC-4B67-AAE0-839A640FAEAA}.Debug|Any CPU.ActiveCfg = Debug|Any CPU
		{89CBF415-A6EC-4B67-AAE0-839A640FAEAA}.Debug|Any CPU.Build.0 = Debug|Any CPU
		{89CBF415-A6EC-4B67-AAE0-839A640FAEAA}.Release|Any CPU.ActiveCfg = Release|Any CPU
		{89CBF415-A6EC-4B67-AAE0-839A640FAEAA}.Release|Any CPU.Build.0 = Release|Any CPU
	EndGlobalSection
	GlobalSection(SolutionProperties) = preSolution
		HideSolutionNode = FALSE
	EndGlobalSection
	GlobalSection(ExtensibilityGlobals) = postSolution
		SolutionGuid = {2F70BC3E-0F4B-44F7-98BB-1AB7277F5B22}
	EndGlobalSection
EndGlobal
